// !$*UTF8*$!
{
	archiveVersion = 1;
	classes = {
	};
	objectVersion = 46;
	objects = {

/* Begin PBXBuildFile section */
		7F2A13741B9690BB00772CC3 /* AppDelegate.swift in Sources */ = {isa = PBXBuildFile; fileRef = 7F2A13731B9690BB00772CC3 /* AppDelegate.swift */; };
		7F2A13761B9690BB00772CC3 /* ViewController.swift in Sources */ = {isa = PBXBuildFile; fileRef = 7F2A13751B9690BB00772CC3 /* ViewController.swift */; };
		7F2A13791B9690BB00772CC3 /* Main.storyboard in Resources */ = {isa = PBXBuildFile; fileRef = 7F2A13771B9690BB00772CC3 /* Main.storyboard */; };
		7F2A137B1B9690BB00772CC3 /* Images.xcassets in Resources */ = {isa = PBXBuildFile; fileRef = 7F2A137A1B9690BB00772CC3 /* Images.xcassets */; };
		7F2A137E1B9690BB00772CC3 /* LaunchScreen.xib in Resources */ = {isa = PBXBuildFile; fileRef = 7F2A137C1B9690BB00772CC3 /* LaunchScreen.xib */; };
		7F2A138A1B9690BB00772CC3 /* my__Tests.swift in Sources */ = {isa = PBXBuildFile; fileRef = 7F2A13891B9690BB00772CC3 /* my__Tests.swift */; };
		7F2A13941B9695B700772CC3 /* DetailViewController.swift in Sources */ = {isa = PBXBuildFile; fileRef = 7F2A13931B9695B700772CC3 /* DetailViewController.swift */; };
		7F2A13961B96AA3500772CC3 /* 背景猫.jpg in Resources */ = {isa = PBXBuildFile; fileRef = 7F2A13951B96AA3500772CC3 /* 背景猫.jpg */; };
/* End PBXBuildFile section */

/* Begin PBXContainerItemProxy section */
		7F2A13841B9690BB00772CC3 /* PBXContainerItemProxy */ = {
			isa = PBXContainerItemProxy;
			containerPortal = 7F2A13661B9690BB00772CC3 /* Project object */;
			proxyType = 1;
			remoteGlobalIDString = 7F2A136D1B9690BB00772CC3;
			remoteInfo = "my辞書";
		};
/* End PBXContainerItemProxy section */

/* Begin PBXFileReference section */
		7F2A136E1B9690BB00772CC3 /* my辞書.app */ = {isa = PBXFileReference; explicitFileType = wrapper.application; includeInIndex = 0; path = "my辞書.app"; sourceTree = BUILT_PRODUCTS_DIR; };
		7F2A13721B9690BB00772CC3 /* Info.plist */ = {isa = PBXFileReference; lastKnownFileType = text.plist.xml; path = Info.plist; sourceTree = "<group>"; };
		7F2A13731B9690BB00772CC3 /* AppDelegate.swift */ = {isa = PBXFileReference; lastKnownFileType = sourcecode.swift; path = AppDelegate.swift; sourceTree = "<group>"; };
		7F2A13751B9690BB00772CC3 /* ViewController.swift */ = {isa = PBXFileReference; lastKnownFileType = sourcecode.swift; path = ViewController.swift; sourceTree = "<group>"; };
		7F2A13781B9690BB00772CC3 /* Base */ = {isa = PBXFileReference; lastKnownFileType = file.storyboard; name = Base; path = Base.lproj/Main.storyboard; sourceTree = "<group>"; };
		7F2A137A1B9690BB00772CC3 /* Images.xcassets */ = {isa = PBXFileReference; lastKnownFileType = folder.assetcatalog; path = Images.xcassets; sourceTree = "<group>"; };
		7F2A137D1B9690BB00772CC3 /* Base */ = {isa = PBXFileReference; lastKnownFileType = file.xib; name = Base; path = Base.lproj/LaunchScreen.xib; sourceTree = "<group>"; };
		7F2A13831B9690BB00772CC3 /* my辞書Tests.xctest */ = {isa = PBXFileReference; explicitFileType = wrapper.cfbundle; includeInIndex = 0; path = "my辞書Tests.xctest"; sourceTree = BUILT_PRODUCTS_DIR; };
		7F2A13881B9690BB00772CC3 /* Info.plist */ = {isa = PBXFileReference; lastKnownFileType = text.plist.xml; path = Info.plist; sourceTree = "<group>"; };
		7F2A13891B9690BB00772CC3 /* my__Tests.swift */ = {isa = PBXFileReference; lastKnownFileType = sourcecode.swift; path = my__Tests.swift; sourceTree = "<group>"; };
		7F2A13931B9695B700772CC3 /* DetailViewController.swift */ = {isa = PBXFileReference; fileEncoding = 4; lastKnownFileType = sourcecode.swift; path = DetailViewController.swift; sourceTree = "<group>"; };
		7F2A13951B96AA3500772CC3 /* 背景猫.jpg */ = {isa = PBXFileReference; lastKnownFileType = image.jpeg; path = "背景猫.jpg"; sourceTree = "<group>"; };
/* End PBXFileReference section */

/* Begin PBXFrameworksBuildPhase section */
		7F2A136B1B9690BB00772CC3 /* Frameworks */ = {
			isa = PBXFrameworksBuildPhase;
			buildActionMask = 2147483647;
			files = (
			);
			runOnlyForDeploymentPostprocessing = 0;
		};
		7F2A13801B9690BB00772CC3 /* Frameworks */ = {
			isa = PBXFrameworksBuildPhase;
			buildActionMask = 2147483647;
			files = (
			);
			runOnlyForDeploymentPostprocessing = 0;
		};
/* End PBXFrameworksBuildPhase section */

/* Begin PBXGroup section */
		7F2A13651B9690BB00772CC3 = {
			isa = PBXGroup;
			children = (
				7F2A13701B9690BB00772CC3 /* my辞書 */,
				7F2A13861B9690BB00772CC3 /* my辞書Tests */,
				7F2A136F1B9690BB00772CC3 /* Products */,
			);
			sourceTree = "<group>";
		};
		7F2A136F1B9690BB00772CC3 /* Products */ = {
			isa = PBXGroup;
			children = (
				7F2A136E1B9690BB00772CC3 /* my辞書.app */,
				7F2A13831B9690BB00772CC3 /* my辞書Tests.xctest */,
			);
			name = Products;
			sourceTree = "<group>";
		};
		7F2A13701B9690BB00772CC3 /* my辞書 */ = {
			isa = PBXGroup;
			children = (
				7F2A13731B9690BB00772CC3 /* AppDelegate.swift */,
				7F2A13751B9690BB00772CC3 /* ViewController.swift */,
				7F2A13771B9690BB00772CC3 /* Main.storyboard */,
				7F2A137A1B9690BB00772CC3 /* Images.xcassets */,
				7F2A137C1B9690BB00772CC3 /* LaunchScreen.xib */,
				7F2A13711B9690BB00772CC3 /* Supporting Files */,
				7F2A13931B9695B700772CC3 /* DetailViewController.swift */,
			);
			path = "my辞書";
			sourceTree = "<group>";
		};
		7F2A13711B9690BB00772CC3 /* Supporting Files */ = {
			isa = PBXGroup;
			children = (
				7F2A13951B96AA3500772CC3 /* 背景猫.jpg */,
				7F2A13721B9690BB00772CC3 /* Info.plist */,
			);
			name = "Supporting Files";
			sourceTree = "<group>";
		};
		7F2A13861B9690BB00772CC3 /* my辞書Tests */ = {
			isa = PBXGroup;
			children = (
				7F2A13891B9690BB00772CC3 /* my__Tests.swift */,
				7F2A13871B9690BB00772CC3 /* Supporting Files */,
			);
			path = "my辞書Tests";
			sourceTree = "<group>";
		};
		7F2A13871B9690BB00772CC3 /* Supporting Files */ = {
			isa = PBXGroup;
			children = (
				7F2A13881B9690BB00772CC3 /* Info.plist */,
			);
			name = "Supporting Files";
			sourceTree = "<group>";
		};
/* End PBXGroup section */

/* Begin PBXNativeTarget section */
		7F2A136D1B9690BB00772CC3 /* my辞書 */ = {
			isa = PBXNativeTarget;
			buildConfigurationList = 7F2A138D1B9690BB00772CC3 /* Build configuration list for PBXNativeTarget "my辞書" */;
			buildPhases = (
				7F2A136A1B9690BB00772CC3 /* Sources */,
				7F2A136B1B9690BB00772CC3 /* Frameworks */,
				7F2A136C1B9690BB00772CC3 /* Resources */,
			);
			buildRules = (
			);
			dependencies = (
			);
			name = "my辞書";
			productName = "my辞書";
			productReference = 7F2A136E1B9690BB00772CC3 /* my辞書.app */;
			productType = "com.apple.product-type.application";
		};
		7F2A13821B9690BB00772CC3 /* my辞書Tests */ = {
			isa = PBXNativeTarget;
			buildConfigurationList = 7F2A13901B9690BB00772CC3 /* Build configuration list for PBXNativeTarget "my辞書Tests" */;
			buildPhases = (
				7F2A137F1B9690BB00772CC3 /* Sources */,
				7F2A13801B9690BB00772CC3 /* Frameworks */,
				7F2A13811B9690BB00772CC3 /* Resources */,
			);
			buildRules = (
			);
			dependencies = (
				7F2A13851B9690BB00772CC3 /* PBXTargetDependency */,
			);
			name = "my辞書Tests";
			productName = "my辞書Tests";
			productReference = 7F2A13831B9690BB00772CC3 /* my辞書Tests.xctest */;
			productType = "com.apple.product-type.bundle.unit-test";
		};
/* End PBXNativeTarget section */

/* Begin PBXProject section */
		7F2A13661B9690BB00772CC3 /* Project object */ = {
			isa = PBXProject;
			attributes = {
				LastSwiftUpdateCheck = 0700;
				LastUpgradeCheck = 0640;
				ORGANIZATIONNAME = "reo harada";
				TargetAttributes = {
					7F2A136D1B9690BB00772CC3 = {
						CreatedOnToolsVersion = 6.4;
					};
					7F2A13821B9690BB00772CC3 = {
						CreatedOnToolsVersion = 6.4;
						TestTargetID = 7F2A136D1B9690BB00772CC3;
					};
				};
			};
			buildConfigurationList = 7F2A13691B9690BB00772CC3 /* Build configuration list for PBXProject "my辞書" */;
			compatibilityVersion = "Xcode 3.2";
			developmentRegion = English;
			hasScannedForEncodings = 0;
			knownRegions = (
				en,
				Base,
			);
			mainGroup = 7F2A13651B9690BB00772CC3;
			productRefGroup = 7F2A136F1B9690BB00772CC3 /* Products */;
			projectDirPath = "";
			projectRoot = "";
			targets = (
				7F2A136D1B9690BB00772CC3 /* my辞書 */,
				7F2A13821B9690BB00772CC3 /* my辞書Tests */,
			);
		};
/* End PBXProject section */

/* Begin PBXResourcesBuildPhase section */
		7F2A136C1B9690BB00772CC3 /* Resources */ = {
			isa = PBXResourcesBuildPhase;
			buildActionMask = 2147483647;
			files = (
				7F2A13961B96AA3500772CC3 /* 背景猫.jpg in Resources */,
				7F2A13791B9690BB00772CC3 /* Main.storyboard in Resources */,
				7F2A137E1B9690BB00772CC3 /* LaunchScreen.xib in Resources */,
				7F2A137B1B9690BB00772CC3 /* Images.xcassets in Resources */,
			);
			runOnlyForDeploymentPostprocessing = 0;
		};
		7F2A13811B9690BB00772CC3 /* Resources */ = {
			isa = PBXResourcesBuildPhase;
			buildActionMask = 2147483647;
			files = (
			);
			runOnlyForDeploymentPostprocessing = 0;
		};
/* End PBXResourcesBuildPhase section */

/* Begin PBXSourcesBuildPhase section */
		7F2A136A1B9690BB00772CC3 /* Sources */ = {
			isa = PBXSourcesBuildPhase;
			buildActionMask = 2147483647;
			files = (
				7F2A13941B9695B700772CC3 /* DetailViewController.swift in Sources */,
				7F2A13761B9690BB00772CC3 /* ViewController.swift in Sources */,
				7F2A13741B9690BB00772CC3 /* AppDelegate.swift in Sources */,
			);
			runOnlyForDeploymentPostprocessing = 0;
		};
		7F2A137F1B9690BB00772CC3 /* Sources */ = {
			isa = PBXSourcesBuildPhase;
			buildActionMask = 2147483647;
			files = (
				7F2A138A1B9690BB00772CC3 /* my__Tests.swift in Sources */,
			);
			runOnlyForDeploymentPostprocessing = 0;
		};
/* End PBXSourcesBuildPhase section */

/* Begin PBXTargetDependency section */
		7F2A13851B9690BB00772CC3 /* PBXTargetDependency */ = {
			isa = PBXTargetDependency;
			target = 7F2A136D1B9690BB00772CC3 /* my辞書 */;
			targetProxy = 7F2A13841B9690BB00772CC3 /* PBXContainerItemProxy */;
		};
/* End PBXTargetDependency section */

/* Begin PBXVariantGroup section */
		7F2A13771B9690BB00772CC3 /* Main.storyboard */ = {
			isa = PBXVariantGroup;
			children = (
				7F2A13781B9690BB00772CC3 /* Base */,
			);
			name = Main.storyboard;
			sourceTree = "<group>";
		};
		7F2A137C1B9690BB00772CC3 /* LaunchScreen.xib */ = {
			isa = PBXVariantGroup;
			children = (
				7F2A137D1B9690BB00772CC3 /* Base */,
			);
			name = LaunchScreen.xib;
			sourceTree = "<group>";
		};
/* End PBXVariantGroup section */

/* Begin XCBuildConfiguration section */
		7F2A138B1B9690BB00772CC3 /* Debug */ = {
			isa = XCBuildConfiguration;
			buildSettings = {
				ALWAYS_SEARCH_USER_PATHS = NO;
				CLANG_CXX_LANGUAGE_STANDARD = "gnu++0x";
				CLANG_CXX_LIBRARY = "libc++";
				CLANG_ENABLE_MODULES = YES;
				CLANG_ENABLE_OBJC_ARC = YES;
				CLANG_WARN_BOOL_CONVERSION = YES;
				CLANG_WARN_CONSTANT_CONVERSION = YES;
				CLANG_WARN_DIRECT_OBJC_ISA_USAGE = YES_ERROR;
				CLANG_WARN_EMPTY_BODY = YES;
				CLANG_WARN_ENUM_CONVERSION = YES;
				CLANG_WARN_INT_CONVERSION = YES;
				CLANG_WARN_OBJC_ROOT_CLASS = YES_ERROR;
				CLANG_WARN_UNREACHABLE_CODE = YES;
				CLANG_WARN__DUPLICATE_METHOD_MATCH = YES;
				"CODE_SIGN_IDENTITY[sdk=iphoneos*]" = "iPhone Developer";
				COPY_PHASE_STRIP = NO;
				DEBUG_INFORMATION_FORMAT = "dwarf-with-dsym";
				ENABLE_STRICT_OBJC_MSGSEND = YES;
				GCC_C_LANGUAGE_STANDARD = gnu99;
				GCC_DYNAMIC_NO_PIC = NO;
				GCC_NO_COMMON_BLOCKS = YES;
				GCC_OPTIMIZATION_LEVEL = 0;
				GCC_PREPROCESSOR_DEFINITIONS = (
					"DEBUG=1",
					"$(inherited)",
				);
				GCC_SYMBOLS_PRIVATE_EXTERN = NO;
				GCC_WARN_64_TO_32_BIT_CONVERSION = YES;
				GCC_WARN_ABOUT_RETURN_TYPE = YES_ERROR;
				GCC_WARN_UNDECLARED_SELECTOR = YES;
				GCC_WARN_UNINITIALIZED_AUTOS = YES_AGGRESSIVE;
				GCC_WARN_UNUSED_FUNCTION = YES;
				GCC_WARN_UNUSED_VARIABLE = YES;
				IPHONEOS_DEPLOYMENT_TARGET = 8.4;
				MTL_ENABLE_DEBUG_INFO = YES;
				ONLY_ACTIVE_ARCH = YES;
				SDKROOT = iphoneos;
				SWIFT_OPTIMIZATION_LEVEL = "-Onone";
			};
			name = Debug;
		};
		7F2A138C1B9690BB00772CC3 /* Release */ = {
			isa = XCBuildConfiguration;
			buildSettings = {
				ALWAYS_SEARCH_USER_PATHS = NO;
				CLANG_CXX_LANGUAGE_STANDARD = "gnu++0x";
				CLANG_CXX_LIBRARY = "libc++";
				CLANG_ENABLE_MODULES = YES;
				CLANG_ENABLE_OBJC_ARC = YES;
				CLANG_WARN_BOOL_CONVERSION = YES;
				CLANG_WARN_CONSTANT_CONVERSION = YES;
				CLANG_WARN_DIRECT_OBJC_ISA_USAGE = YES_ERROR;
				CLANG_WARN_EMPTY_BODY = YES;
				CLANG_WARN_ENUM_CONVERSION = YES;
				CLANG_WARN_INT_CONVERSION = YES;
				CLANG_WARN_OBJC_ROOT_CLASS = YES_ERROR;
				CLANG_WARN_UNREACHABLE_CODE = YES;
				CLANG_WARN__DUPLICATE_METHOD_MATCH = YES;
				"CODE_SIGN_IDENTITY[sdk=iphoneos*]" = "iPhone Developer";
				COPY_PHASE_STRIP = NO;
				DEBUG_INFORMATION_FORMAT = "dwarf-with-dsym";
				ENABLE_NS_ASSERTIONS = NO;
				ENABLE_STRICT_OBJC_MSGSEND = YES;
				GCC_C_LANGUAGE_STANDARD = gnu99;
				GCC_NO_COMMON_BLOCKS = YES;
				GCC_WARN_64_TO_32_BIT_CONVERSION = YES;
				GCC_WARN_ABOUT_RETURN_TYPE = YES_ERROR;
				GCC_WARN_UNDECLARED_SELECTOR = YES;
				GCC_WARN_UNINITIALIZED_AUTOS = YES_AGGRESSIVE;
				GCC_WARN_UNUSED_FUNCTION = YES;
				GCC_WARN_UNUSED_VARIABLE = YES;
				IPHONEOS_DEPLOYMENT_TARGET = 8.4;
				MTL_ENABLE_DEBUG_INFO = NO;
				SDKROOT = iphoneos;
				VALIDATE_PRODUCT = YES;
			};
			name = Release;
		};
		7F2A138E1B9690BB00772CC3 /* Debug */ = {
			isa = XCBuildConfiguration;
			buildSettings = {
				ASSETCATALOG_COMPILER_APPICON_NAME = AppIcon;
				INFOPLIST_FILE = "my辞書/Info.plist";
				LD_RUNPATH_SEARCH_PATHS = "$(inherited) @executable_path/Frameworks";
				PRODUCT_NAME = "$(TARGET_NAME)";
			};
			name = Debug;
		};
		7F2A138F1B9690BB00772CC3 /* Release */ = {
			isa = XCBuildConfiguration;
			buildSettings = {
				ASSETCATALOG_COMPILER_APPICON_NAME = AppIcon;
				INFOPLIST_FILE = "my辞書/Info.plist";
				LD_RUNPATH_SEARCH_PATHS = "$(inherited) @executable_path/Frameworks";
				PRODUCT_NAME = "$(TARGET_NAME)";
			};
			name = Release;
		};
		7F2A13911B9690BB00772CC3 /* Debug */ = {
			isa = XCBuildConfiguration;
			buildSettings = {
				BUNDLE_LOADER = "$(TEST_HOST)";
				FRAMEWORK_SEARCH_PATHS = (
					"$(SDKROOT)/Developer/Library/Frameworks",
					"$(inherited)",
				);
				GCC_PREPROCESSOR_DEFINITIONS = (
					"DEBUG=1",
					"$(inherited)",
				);
				INFOPLIST_FILE = "my辞書Tests/Info.plist";
				LD_RUNPATH_SEARCH_PATHS = "$(inherited) @executable_path/Frameworks @loader_path/Frameworks";
				PRODUCT_NAME = "$(TARGET_NAME)";
				TEST_HOST = "$(BUILT_PRODUCTS_DIR)/my辞書.app/my辞書";
			};
			name = Debug;
		};
		7F2A13921B9690BB00772CC3 /* Release */ = {
			isa = XCBuildConfiguration;
			buildSettings = {
				BUNDLE_LOADER = "$(TEST_HOST)";
				FRAMEWORK_SEARCH_PATHS = (
					"$(SDKROOT)/Developer/Library/Frameworks",
					"$(inherited)",
				);
				INFOPLIST_FILE = "my辞書Tests/Info.plist";
				LD_RUNPATH_SEARCH_PATHS = "$(inherited) @executable_path/Frameworks @loader_path/Frameworks";
				PRODUCT_NAME = "$(TARGET_NAME)";
				TEST_HOST = "$(BUILT_PRODUCTS_DIR)/my辞書.app/my辞書";
			};
			name = Release;
		};
/* End XCBuildConfiguration section */

/* Begin XCConfigurationList section */
		7F2A13691B9690BB00772CC3 /* Build configuration list for PBXProject "my辞書" */ = {
			isa = XCConfigurationList;
			buildConfigurations = (
				7F2A138B1B9690BB00772CC3 /* Debug */,
				7F2A138C1B9690BB00772CC3 /* Release */,
			);
			defaultConfigurationIsVisible = 0;
			defaultConfigurationName = Release;
		};
		7F2A138D1B9690BB00772CC3 /* Build configuration list for PBXNativeTarget "my辞書" */ = {
			isa = XCConfigurationList;
			buildConfigurations = (
				7F2A138E1B9690BB00772CC3 /* Debug */,
				7F2A138F1B9690BB00772CC3 /* Release */,
			);
			defaultConfigurationIsVisible = 0;
			defaultConfigurationName = Release;
		};
		7F2A13901B9690BB00772CC3 /* Build configuration list for PBXNativeTarget "my辞書Tests" */ = {
			isa = XCConfigurationList;
			buildConfigurations = (
				7F2A13911B9690BB00772CC3 /* Debug */,
				7F2A13921B9690BB00772CC3 /* Release */,
			);
			defaultConfigurationIsVisible = 0;
			defaultConfigurationName = Release;
		};
/* End XCConfigurationList section */
	};
	rootObject = 7F2A13661B9690BB00772CC3 /* Project object */;
}
